// !$*UTF8*$!
{
	archiveVersion = 1;
	classes = {
	};
	objectVersion = 77;
	objects = {

/* Begin PBXContainerItemProxy section */
		DA11C6582E857041004B592E /* PBXContainerItemProxy */ = {
			isa = PBXContainerItemProxy;
			containerPortal = DA11C6422E857040004B592E /* Project object */;
			proxyType = 1;
			remoteGlobalIDString = DA11C6492E857040004B592E;
			remoteInfo = checkpoint2_ADG;
		};
		DA11C6622E857041004B592E /* PBXContainerItemProxy */ = {
			isa = PBXContainerItemProxy;
			containerPortal = DA11C6422E857040004B592E /* Project object */;
			proxyType = 1;
			remoteGlobalIDString = DA11C6492E857040004B592E;
			remoteInfo = checkpoint2_ADG;
		};
/* End PBXContainerItemProxy section */

/* Begin PBXFileReference section */
		DA11C64A2E857040004B592E /* checkpoint2_ADG.app */ = {isa = PBXFileReference; explicitFileType = wrapper.application; includeInIndex = 0; path = checkpoint2_ADG.app; sourceTree = BUILT_PRODUCTS_DIR; };
		DA11C6572E857041004B592E /* checkpoint2_ADGTests.xctest */ = {isa = PBXFileReference; explicitFileType = wrapper.cfbundle; includeInIndex = 0; path = checkpoint2_ADGTests.xctest; sourceTree = BUILT_PRODUCTS_DIR; };
		DA11C6612E857041004B592E /* checkpoint2_ADGUITests.xctest */ = {isa = PBXFileReference; explicitFileType = wrapper.cfbundle; includeInIndex = 0; path = checkpoint2_ADGUITests.xctest; sourceTree = BUILT_PRODUCTS_DIR; };
/* End PBXFileReference section */

/* Begin PBXFileSystemSynchronizedRootGroup section */
		DA11C64C2E857040004B592E /* checkpoint2_ADG */ = {
			isa = PBXFileSystemSynchronizedRootGroup;
			path = checkpoint2_ADG;
			sourceTree = "<group>";
		};
		DA11C65A2E857041004B592E /* checkpoint2_ADGTests */ = {
			isa = PBXFileSystemSynchronizedRootGroup;
			path = checkpoint2_ADGTests;
			sourceTree = "<group>";
		};
		DA11C6642E857041004B592E /* checkpoint2_ADGUITests */ = {
			isa = PBXFileSystemSynchronizedRootGroup;
			path = checkpoint2_ADGUITests;
			sourceTree = "<group>";
		};
/* End PBXFileSystemSynchronizedRootGroup section */

/* Begin PBXFrameworksBuildPhase section */
		DA11C6472E857040004B592E /* Frameworks */ = {
			isa = PBXFrameworksBuildPhase;
			buildActionMask = 2147483647;
			files = (
			);
			runOnlyForDeploymentPostprocessing = 0;
		};
		DA11C6542E857041004B592E /* Frameworks */ = {
			isa = PBXFrameworksBuildPhase;
			buildActionMask = 2147483647;
			files = (
			);
			runOnlyForDeploymentPostprocessing = 0;
		};
		DA11C65E2E857041004B592E /* Frameworks */ = {
			isa = PBXFrameworksBuildPhase;
			buildActionMask = 2147483647;
			files = (
			);
			runOnlyForDeploymentPostprocessing = 0;
		};
/* End PBXFrameworksBuildPhase section */

/* Begin PBXGroup section */
		DA11C6412E857040004B592E = {
			isa = PBXGroup;
			children = (
				DA11C64C2E857040004B592E /* checkpoint2_ADG */,
				DA11C65A2E857041004B592E /* checkpoint2_ADGTests */,
				DA11C6642E857041004B592E /* checkpoint2_ADGUITests */,
				DA11C64B2E857040004B592E /* Products */,
			);
			sourceTree = "<group>";
		};
		DA11C64B2E857040004B592E /* Products */ = {
			isa = PBXGroup;
			children = (
				DA11C64A2E857040004B592E /* checkpoint2_ADG.app */,
				DA11C6572E857041004B592E /* checkpoint2_ADGTests.xctest */,
				DA11C6612E857041004B592E /* checkpoint2_ADGUITests.xctest */,
			);
			name = Products;
			sourceTree = "<group>";
		};
/* End PBXGroup section */

/* Begin PBXNativeTarget section */
		DA11C6492E857040004B592E /* checkpoint2_ADG */ = {
			isa = PBXNativeTarget;
			buildConfigurationList = DA11C66B2E857041004B592E /* Build configuration list for PBXNativeTarget "checkpoint2_ADG" */;
			buildPhases = (
				DA11C6462E857040004B592E /* Sources */,
				DA11C6472E857040004B592E /* Frameworks */,
				DA11C6482E857040004B592E /* Resources */,
			);
			buildRules = (
			);
			dependencies = (
			);
			fileSystemSynchronizedGroups = (
				DA11C64C2E857040004B592E /* checkpoint2_ADG */,
			);
			name = checkpoint2_ADG;
			packageProductDependencies = (
			);
			productName = checkpoint2_ADG;
			productReference = DA11C64A2E857040004B592E /* checkpoint2_ADG.app */;
			productType = "com.apple.product-type.application";
		};
		DA11C6562E857041004B592E /* checkpoint2_ADGTests */ = {
			isa = PBXNativeTarget;
			buildConfigurationList = DA11C66E2E857041004B592E /* Build configuration list for PBXNativeTarget "checkpoint2_ADGTests" */;
			buildPhases = (
				DA11C6532E857041004B592E /* Sources */,
				DA11C6542E857041004B592E /* Frameworks */,
				DA11C6552E857041004B592E /* Resources */,
			);
			buildRules = (
			);
			dependencies = (
				DA11C6592E857041004B592E /* PBXTargetDependency */,
			);
			fileSystemSynchronizedGroups = (
				DA11C65A2E857041004B592E /* checkpoint2_ADGTests */,
			);
			name = checkpoint2_ADGTests;
			packageProductDependencies = (
			);
			productName = checkpoint2_ADGTests;
			productReference = DA11C6572E857041004B592E /* checkpoint2_ADGTests.xctest */;
			productType = "com.apple.product-type.bundle.unit-test";
		};
		DA11C6602E857041004B592E /* checkpoint2_ADGUITests */ = {
			isa = PBXNativeTarget;
			buildConfigurationList = DA11C6712E857041004B592E /* Build configuration list for PBXNativeTarget "checkpoint2_ADGUITests" */;
			buildPhases = (
				DA11C65D2E857041004B592E /* Sources */,
				DA11C65E2E857041004B592E /* Frameworks */,
				DA11C65F2E857041004B592E /* Resources */,
			);
			buildRules = (
			);
			dependencies = (
				DA11C6632E857041004B592E /* PBXTargetDependency */,
			);
			fileSystemSynchronizedGroups = (
				DA11C6642E857041004B592E /* checkpoint2_ADGUITests */,
			);
			name = checkpoint2_ADGUITests;
			packageProductDependencies = (
			);
			productName = checkpoint2_ADGUITests;
			productReference = DA11C6612E857041004B592E /* checkpoint2_ADGUITests.xctest */;
			productType = "com.apple.product-type.bundle.ui-testing";
		};
/* End PBXNativeTarget section */

/* Begin PBXProject section */
		DA11C6422E857040004B592E /* Project object */ = {
			isa = PBXProject;
			attributes = {
				BuildIndependentTargetsInParallel = 1;
				LastSwiftUpdateCheck = 1640;
				LastUpgradeCheck = 1640;
				TargetAttributes = {
					DA11C6492E857040004B592E = {
						CreatedOnToolsVersion = 16.4;
					};
					DA11C6562E857041004B592E = {
						CreatedOnToolsVersion = 16.4;
						TestTargetID = DA11C6492E857040004B592E;
					};
					DA11C6602E857041004B592E = {
						CreatedOnToolsVersion = 16.4;
						TestTargetID = DA11C6492E857040004B592E;
					};
				};
			};
			buildConfigurationList = DA11C6452E857040004B592E /* Build configuration list for PBXProject "checkpoint2_ADG" */;
			developmentRegion = en;
			hasScannedForEncodings = 0;
			knownRegions = (
				en,
				Base,
			);
			mainGroup = DA11C6412E857040004B592E;
			minimizedProjectReferenceProxies = 1;
			preferredProjectObjectVersion = 77;
			productRefGroup = DA11C64B2E857040004B592E /* Products */;
			projectDirPath = "";
			projectRoot = "";
			targets = (
				DA11C6492E857040004B592E /* checkpoint2_ADG */,
				DA11C6562E857041004B592E /* checkpoint2_ADGTests */,
				DA11C6602E857041004B592E /* checkpoint2_ADGUITests */,
			);
		};
/* End PBXProject section */

/* Begin PBXResourcesBuildPhase section */
		DA11C6482E857040004B592E /* Resources */ = {
			isa = PBXResourcesBuildPhase;
			buildActionMask = 2147483647;
			files = (
			);
			runOnlyForDeploymentPostprocessing = 0;
		};
		DA11C6552E857041004B592E /* Resources */ = {
			isa = PBXResourcesBuildPhase;
			buildActionMask = 2147483647;
			files = (
			);
			runOnlyForDeploymentPostprocessing = 0;
		};
		DA11C65F2E857041004B592E /* Resources */ = {
			isa = PBXResourcesBuildPhase;
			buildActionMask = 2147483647;
			files = (
			);
			runOnlyForDeploymentPostprocessing = 0;
		};
/* End PBXResourcesBuildPhase section */

/* Begin PBXSourcesBuildPhase section */
		DA11C6462E857040004B592E /* Sources */ = {
			isa = PBXSourcesBuildPhase;
			buildActionMask = 2147483647;
			files = (
			);
			runOnlyForDeploymentPostprocessing = 0;
		};
		DA11C6532E857041004B592E /* Sources */ = {
			isa = PBXSourcesBuildPhase;
			buildActionMask = 2147483647;
			files = (
			);
			runOnlyForDeploymentPostprocessing = 0;
		};
		DA11C65D2E857041004B592E /* Sources */ = {
			isa = PBXSourcesBuildPhase;
			buildActionMask = 2147483647;
			files = (
			);
			runOnlyForDeploymentPostprocessing = 0;
		};
/* End PBXSourcesBuildPhase section */

/* Begin PBXTargetDependency section */
		DA11C6592E857041004B592E /* PBXTargetDependency */ = {
			isa = PBXTargetDependency;
			target = DA11C6492E857040004B592E /* checkpoint2_ADG */;
			targetProxy = DA11C6582E857041004B592E /* PBXContainerItemProxy */;
		};
		DA11C6632E857041004B592E /* PBXTargetDependency */ = {
			isa = PBXTargetDependency;
			target = DA11C6492E857040004B592E /* checkpoint2_ADG */;
			targetProxy = DA11C6622E857041004B592E /* PBXContainerItemProxy */;
		};
/* End PBXTargetDependency section */

/* Begin XCBuildConfiguration section */
		DA11C6692E857041004B592E /* Debug */ = {
			isa = XCBuildConfiguration;
			buildSettings = {
				ALWAYS_SEARCH_USER_PATHS = NO;
				ASSETCATALOG_COMPILER_GENERATE_SWIFT_ASSET_SYMBOL_EXTENSIONS = YES;
				CLANG_ANALYZER_NONNULL = YES;
				CLANG_ANALYZER_NUMBER_OBJECT_CONVERSION = YES_AGGRESSIVE;
				CLANG_CXX_LANGUAGE_STANDARD = "gnu++20";
				CLANG_ENABLE_MODULES = YES;
				CLANG_ENABLE_OBJC_ARC = YES;
				CLANG_ENABLE_OBJC_WEAK = YES;
				CLANG_WARN_BLOCK_CAPTURE_AUTORELEASING = YES;
				CLANG_WARN_BOOL_CONVERSION = YES;
				CLANG_WARN_COMMA = YES;
				CLANG_WARN_CONSTANT_CONVERSION = YES;
				CLANG_WARN_DEPRECATED_OBJC_IMPLEMENTATIONS = YES;
				CLANG_WARN_DIRECT_OBJC_ISA_USAGE = YES_ERROR;
				CLANG_WARN_DOCUMENTATION_COMMENTS = YES;
				CLANG_WARN_EMPTY_BODY = YES;
				CLANG_WARN_ENUM_CONVERSION = YES;
				CLANG_WARN_INFINITE_RECURSION = YES;
				CLANG_WARN_INT_CONVERSION = YES;
				CLANG_WARN_NON_LITERAL_NULL_CONVERSION = YES;
				CLANG_WARN_OBJC_IMPLICIT_RETAIN_SELF = YES;
				CLANG_WARN_OBJC_LITERAL_CONVERSION = YES;
				CLANG_WARN_OBJC_ROOT_CLASS = YES_ERROR;
				CLANG_WARN_QUOTED_INCLUDE_IN_FRAMEWORK_HEADER = YES;
				CLANG_WARN_RANGE_LOOP_ANALYSIS = YES;
				CLANG_WARN_STRICT_PROTOTYPES = YES;
				CLANG_WARN_SUSPICIOUS_MOVE = YES;
				CLANG_WARN_UNGUARDED_AVAILABILITY = YES_AGGRESSIVE;
				CLANG_WARN_UNREACHABLE_CODE = YES;
				CLANG_WARN__DUPLICATE_METHOD_MATCH = YES;
				COPY_PHASE_STRIP = NO;
				DEBUG_INFORMATION_FORMAT = dwarf;
				DEVELOPMENT_TEAM = A3C842S7G8;
				ENABLE_STRICT_OBJC_MSGSEND = YES;
				ENABLE_TESTABILITY = YES;
				ENABLE_USER_SCRIPT_SANDBOXING = YES;
				GCC_C_LANGUAGE_STANDARD = gnu17;
				GCC_DYNAMIC_NO_PIC = NO;
				GCC_NO_COMMON_BLOCKS = YES;
				GCC_OPTIMIZATION_LEVEL = 0;
				GCC_PREPROCESSOR_DEFINITIONS = (
					"DEBUG=1",
					"$(inherited)",
				);
				GCC_WARN_64_TO_32_BIT_CONVERSION = YES;
				GCC_WARN_ABOUT_RETURN_TYPE = YES_ERROR;
				GCC_WARN_UNDECLARED_SELECTOR = YES;
				GCC_WARN_UNINITIALIZED_AUTOS = YES_AGGRESSIVE;
				GCC_WARN_UNUSED_FUNCTION = YES;
				GCC_WARN_UNUSED_VARIABLE = YES;
				IPHONEOS_DEPLOYMENT_TARGET = 18.5;
				LOCALIZATION_PREFERS_STRING_CATALOGS = YES;
				MTL_ENABLE_DEBUG_INFO = INCLUDE_SOURCE;
				MTL_FAST_MATH = YES;
				ONLY_ACTIVE_ARCH = YES;
				SDKROOT = iphoneos;
				SWIFT_ACTIVE_COMPILATION_CONDITIONS = "DEBUG $(inherited)";
				SWIFT_OPTIMIZATION_LEVEL = "-Onone";
			};
			name = Debug;
		};
		DA11C66A2E857041004B592E /* Release */ = {
			isa = XCBuildConfiguration;
			buildSettings = {
				ALWAYS_SEARCH_USER_PATHS = NO;
				ASSETCATALOG_COMPILER_GENERATE_SWIFT_ASSET_SYMBOL_EXTENSIONS = YES;
				CLANG_ANALYZER_NONNULL = YES;
				CLANG_ANALYZER_NUMBER_OBJECT_CONVERSION = YES_AGGRESSIVE;
				CLANG_CXX_LANGUAGE_STANDARD = "gnu++20";
				CLANG_ENABLE_MODULES = YES;
				CLANG_ENABLE_OBJC_ARC = YES;
				CLANG_ENABLE_OBJC_WEAK = YES;
				CLANG_WARN_BLOCK_CAPTURE_AUTORELEASING = YES;
				CLANG_WARN_BOOL_CONVERSION = YES;
				CLANG_WARN_COMMA = YES;
				CLANG_WARN_CONSTANT_CONVERSION = YES;
				CLANG_WARN_DEPRECATED_OBJC_IMPLEMENTATIONS = YES;
				CLANG_WARN_DIRECT_OBJC_ISA_USAGE = YES_ERROR;
				CLANG_WARN_DOCUMENTATION_COMMENTS = YES;
				CLANG_WARN_EMPTY_BODY = YES;
				CLANG_WARN_ENUM_CONVERSION = YES;
				CLANG_WARN_INFINITE_RECURSION = YES;
				CLANG_WARN_INT_CONVERSION = YES;
				CLANG_WARN_NON_LITERAL_NULL_CONVERSION = YES;
				CLANG_WARN_OBJC_IMPLICIT_RETAIN_SELF = YES;
				CLANG_WARN_OBJC_LITERAL_CONVERSION = YES;
				CLANG_WARN_OBJC_ROOT_CLASS = YES_ERROR;
				CLANG_WARN_QUOTED_INCLUDE_IN_FRAMEWORK_HEADER = YES;
				CLANG_WARN_RANGE_LOOP_ANALYSIS = YES;
				CLANG_WARN_STRICT_PROTOTYPES = YES;
				CLANG_WARN_SUSPICIOUS_MOVE = YES;
				CLANG_WARN_UNGUARDED_AVAILABILITY = YES_AGGRESSIVE;
				CLANG_WARN_UNREACHABLE_CODE = YES;
				CLANG_WARN__DUPLICATE_METHOD_MATCH = YES;
				COPY_PHASE_STRIP = NO;
				DEBUG_INFORMATION_FORMAT = "dwarf-with-dsym";
				DEVELOPMENT_TEAM = A3C842S7G8;
				ENABLE_NS_ASSERTIONS = NO;
				ENABLE_STRICT_OBJC_MSGSEND = YES;
				ENABLE_USER_SCRIPT_SANDBOXING = YES;
				GCC_C_LANGUAGE_STANDARD = gnu17;
				GCC_NO_COMMON_BLOCKS = YES;
				GCC_WARN_64_TO_32_BIT_CONVERSION = YES;
				GCC_WARN_ABOUT_RETURN_TYPE = YES_ERROR;
				GCC_WARN_UNDECLARED_SELECTOR = YES;
				GCC_WARN_UNINITIALIZED_AUTOS = YES_AGGRESSIVE;
				GCC_WARN_UNUSED_FUNCTION = YES;
				GCC_WARN_UNUSED_VARIABLE = YES;
				IPHONEOS_DEPLOYMENT_TARGET = 18.5;
				LOCALIZATION_PREFERS_STRING_CATALOGS = YES;
				MTL_ENABLE_DEBUG_INFO = NO;
				MTL_FAST_MATH = YES;
				SDKROOT = iphoneos;
				SWIFT_COMPILATION_MODE = wholemodule;
				VALIDATE_PRODUCT = YES;
			};
			name = Release;
		};
		DA11C66C2E857041004B592E /* Debug */ = {
			isa = XCBuildConfiguration;
			buildSettings = {
				ASSETCATALOG_COMPILER_APPICON_NAME = AppIcon;
				ASSETCATALOG_COMPILER_GLOBAL_ACCENT_COLOR_NAME = AccentColor;
				CODE_SIGN_STYLE = Automatic;
				CURRENT_PROJECT_VERSION = 1;
				DEVELOPMENT_TEAM = A3C842S7G8;
				ENABLE_PREVIEWS = YES;
				GENERATE_INFOPLIST_FILE = YES;
				INFOPLIST_KEY_UIApplicationSceneManifest_Generation = YES;
				INFOPLIST_KEY_UIApplicationSupportsIndirectInputEvents = YES;
				INFOPLIST_KEY_UILaunchScreen_Generation = YES;
				INFOPLIST_KEY_UISupportedInterfaceOrientations_iPad = "UIInterfaceOrientationPortrait UIInterfaceOrientationPortraitUpsideDown UIInterfaceOrientationLandscapeLeft UIInterfaceOrientationLandscapeRight";
				INFOPLIST_KEY_UISupportedInterfaceOrientations_iPhone = "UIInterfaceOrientationPortrait UIInterfaceOrientationLandscapeLeft UIInterfaceOrientationLandscapeRight";
				LD_RUNPATH_SEARCH_PATHS = (
					"$(inherited)",
					"@executable_path/Frameworks",
				);
				MARKETING_VERSION = 1.0;
				PRODUCT_BUNDLE_IDENTIFIER = "firstorg.checkpoint2-ADG";
				PRODUCT_NAME = "$(TARGET_NAME)";
				SWIFT_EMIT_LOC_STRINGS = YES;
				SWIFT_VERSION = 5.0;
				TARGETED_DEVICE_FAMILY = "1,2";
			};
			name = Debug;
		};
		DA11C66D2E857041004B592E /* Release */ = {
			isa = XCBuildConfiguration;
			buildSettings = {
				ASSETCATALOG_COMPILER_APPICON_NAME = AppIcon;
				ASSETCATALOG_COMPILER_GLOBAL_ACCENT_COLOR_NAME = AccentColor;
				CODE_SIGN_STYLE = Automatic;
				CURRENT_PROJECT_VERSION = 1;
				DEVELOPMENT_TEAM = A3C842S7G8;
				ENABLE_PREVIEWS = YES;
				GENERATE_INFOPLIST_FILE = YES;
				INFOPLIST_KEY_UIApplicationSceneManifest_Generation = YES;
				INFOPLIST_KEY_UIApplicationSupportsIndirectInputEvents = YES;
				INFOPLIST_KEY_UILaunchScreen_Generation = YES;
				INFOPLIST_KEY_UISupportedInterfaceOrientations_iPad = "UIInterfaceOrientationPortrait UIInterfaceOrientationPortraitUpsideDown UIInterfaceOrientationLandscapeLeft UIInterfaceOrientationLandscapeRight";
				INFOPLIST_KEY_UISupportedInterfaceOrientations_iPhone = "UIInterfaceOrientationPortrait UIInterfaceOrientationLandscapeLeft UIInterfaceOrientationLandscapeRight";
				LD_RUNPATH_SEARCH_PATHS = (
					"$(inherited)",
					"@executable_path/Frameworks",
				);
				MARKETING_VERSION = 1.0;
				PRODUCT_BUNDLE_IDENTIFIER = "firstorg.checkpoint2-ADG";
				PRODUCT_NAME = "$(TARGET_NAME)";
				SWIFT_EMIT_LOC_STRINGS = YES;
				SWIFT_VERSION = 5.0;
				TARGETED_DEVICE_FAMILY = "1,2";
			};
			name = Release;
		};
		DA11C66F2E857041004B592E /* Debug */ = {
			isa = XCBuildConfiguration;
			buildSettings = {
				BUNDLE_LOADER = "$(TEST_HOST)";
				CODE_SIGN_STYLE = Automatic;
				CURRENT_PROJECT_VERSION = 1;
				DEVELOPMENT_TEAM = A3C842S7G8;
				GENERATE_INFOPLIST_FILE = YES;
				IPHONEOS_DEPLOYMENT_TARGET = 18.5;
				MARKETING_VERSION = 1.0;
				PRODUCT_BUNDLE_IDENTIFIER = "firstorg.checkpoint2-ADGTests";
				PRODUCT_NAME = "$(TARGET_NAME)";
				SWIFT_EMIT_LOC_STRINGS = NO;
				SWIFT_VERSION = 5.0;
				TARGETED_DEVICE_FAMILY = "1,2";
				TEST_HOST = "$(BUILT_PRODUCTS_DIR)/checkpoint2_ADG.app/$(BUNDLE_EXECUTABLE_FOLDER_PATH)/checkpoint2_ADG";
			};
			name = Debug;
		};
		DA11C6702E857041004B592E /* Release */ = {
			isa = XCBuildConfiguration;
			buildSettings = {
				BUNDLE_LOADER = "$(TEST_HOST)";
				CODE_SIGN_STYLE = Automatic;
				CURRENT_PROJECT_VERSION = 1;
				DEVELOPMENT_TEAM = A3C842S7G8;
				GENERATE_INFOPLIST_FILE = YES;
				IPHONEOS_DEPLOYMENT_TARGET = 18.5;
				MARKETING_VERSION = 1.0;
				PRODUCT_BUNDLE_IDENTIFIER = "firstorg.checkpoint2-ADGTests";
				PRODUCT_NAME = "$(TARGET_NAME)";
				SWIFT_EMIT_LOC_STRINGS = NO;
				SWIFT_VERSION = 5.0;
				TARGETED_DEVICE_FAMILY = "1,2";
				TEST_HOST = "$(BUILT_PRODUCTS_DIR)/checkpoint2_ADG.app/$(BUNDLE_EXECUTABLE_FOLDER_PATH)/checkpoint2_ADG";
			};
			name = Release;
		};
		DA11C6722E857041004B592E /* Debug */ = {
			isa = XCBuildConfiguration;
			buildSettings = {
				CODE_SIGN_STYLE = Automatic;
				CURRENT_PROJECT_VERSION = 1;
				DEVELOPMENT_TEAM = A3C842S7G8;
				GENERATE_INFOPLIST_FILE = YES;
				MARKETING_VERSION = 1.0;
				PRODUCT_BUNDLE_IDENTIFIER = "firstorg.checkpoint2-ADGUITests";
				PRODUCT_NAME = "$(TARGET_NAME)";
				SWIFT_EMIT_LOC_STRINGS = NO;
				SWIFT_VERSION = 5.0;
				TARGETED_DEVICE_FAMILY = "1,2";
				TEST_TARGET_NAME = checkpoint2_ADG;
			};
			name = Debug;
		};
		DA11C6732E857041004B592E /* Release */ = {
			isa = XCBuildConfiguration;
			buildSettings = {
				CODE_SIGN_STYLE = Automatic;
				CURRENT_PROJECT_VERSION = 1;
				DEVELOPMENT_TEAM = A3C842S7G8;
				GENERATE_INFOPLIST_FILE = YES;
				MARKETING_VERSION = 1.0;
				PRODUCT_BUNDLE_IDENTIFIER = "firstorg.checkpoint2-ADGUITests";
				PRODUCT_NAME = "$(TARGET_NAME)";
				SWIFT_EMIT_LOC_STRINGS = NO;
				SWIFT_VERSION = 5.0;
				TARGETED_DEVICE_FAMILY = "1,2";
				TEST_TARGET_NAME = checkpoint2_ADG;
			};
			name = Release;
		};
/* End XCBuildConfiguration section */

/* Begin XCConfigurationList section */
		DA11C6452E857040004B592E /* Build configuration list for PBXProject "checkpoint2_ADG" */ = {
			isa = XCConfigurationList;
			buildConfigurations = (
				DA11C6692E857041004B592E /* Debug */,
				DA11C66A2E857041004B592E /* Release */,
			);
			defaultConfigurationIsVisible = 0;
			defaultConfigurationName = Release;
		};
		DA11C66B2E857041004B592E /* Build configuration list for PBXNativeTarget "checkpoint2_ADG" */ = {
			isa = XCConfigurationList;
			buildConfigurations = (
				DA11C66C2E857041004B592E /* Debug */,
				DA11C66D2E857041004B592E /* Release */,
			);
			defaultConfigurationIsVisible = 0;
			defaultConfigurationName = Release;
		};
		DA11C66E2E857041004B592E /* Build configuration list for PBXNativeTarget "checkpoint2_ADGTests" */ = {
			isa = XCConfigurationList;
			buildConfigurations = (
				DA11C66F2E857041004B592E /* Debug */,
				DA11C6702E857041004B592E /* Release */,
			);
			defaultConfigurationIsVisible = 0;
			defaultConfigurationName = Release;
		};
		DA11C6712E857041004B592E /* Build configuration list for PBXNativeTarget "checkpoint2_ADGUITests" */ = {
			isa = XCConfigurationList;
			buildConfigurations = (
				DA11C6722E857041004B592E /* Debug */,
				DA11C6732E857041004B592E /* Release */,
			);
			defaultConfigurationIsVisible = 0;
			defaultConfigurationName = Release;
		};
/* End XCConfigurationList section */
	};
	rootObject = DA11C6422E857040004B592E /* Project object */;
}
